
Microsoft Visual Studio Solution File, Format Version 12.00
# Visual Studio Version 17
VisualStudioVersion = 17.7.34009.444
MinimumVisualStudioVersion = 10.0.40219.1
Project("{FAE04EC0-301F-11D3-BF4B-00C04F79EFBC}") = "stoktakipapp1.0", "stoktakiapp1.0\stoktakipapp1.0.csproj", "{6465FB92-2B41-4335-A8EC-73F9C08C1D7E}"
EndProject
Global
	GlobalSection(SolutionConfigurationPlatforms) = preSolution
		Debug|Any CPU = Debug|Any CPU
		Release|Any CPU = Release|Any CPU
	EndGlobalSection
	GlobalSection(ProjectConfigurationPlatforms) = postSolution
		{6465FB92-2B41-4335-A8EC-73F9C08C1D7E}.Debug|Any CPU.ActiveCfg = Debug|Any CPU
		{6465FB92-2B41-4335-A8EC-73F9C08C1D7E}.Debug|Any CPU.Build.0 = Debug|Any CPU
		{6465FB92-2B41-4335-A8EC-73F9C08C1D7E}.Release|Any CPU.ActiveCfg = Release|Any CPU
		{6465FB92-2B41-4335-A8EC-73F9C08C1D7E}.Release|Any CPU.Build.0 = Release|Any CPU
	EndGlobalSection
	GlobalSection(SolutionProperties) = preSolution
		HideSolutionNode = FALSE
	EndGlobalSection
	GlobalSection(ExtensibilityGlobals) = postSolution
		SolutionGuid = {514C42C6-3088-4E6C-857A-9869C187248E}
	EndGlobalSection
EndGlobal
